# BioResearch Assistant — optional join pins (git tags).
#
# WHO UPDATES: when Ferrum / Solum / ga4gh-infra tags move.
# WHO READS: operators; subject-bridge pin is also config/ci/solum-revision.txt.

FERRUM_REF=v0.3.0
FERRUM_SHA=6444469ac488af9dd6f62f584b99be87ff2d7180
SOLUM_REF=v0.1.0
SOLUM_SHA=b68a941ff1cc9a2406f25b27fed8f12368ebbf1b
GA4GH_INFRA_REF=ga4gh-infra-v0.2.3
GA4GH_INFRA_SHA=613bd14932b57e30cfdca7b413841fe5b07a80fd
HELIXTEST_REF=v0.1.1
HELIXTEST_SHA=a8aabf30fa8a8963ca95a4e8c1e6c04cddf34a12
