# This file is automatically @generated by Poetry 2.3.2 and should not be changed by hand.
# Not used to install: package = [] is a stub. Canonical locks are uv.lock and requirements.txt.
package = []

[metadata]
lock-version = "2.1"
python-versions = ">=3.11,<3.13"
content-hash = "4efd3128ba9c04d6975f3961ae0b848ddfa7b4fa711ebeb2c6a5fe7356330005"
